// !$*UTF8*$!
{
	archiveVersion = 1;
	classes = {
	};
	objectVersion = 46;
	objects = {

/* Begin PBXBuildFile section */
		4882B39B1D8E4AB200F5F76C /* AppDelegate.swift in Sources */ = {isa = PBXBuildFile; fileRef = 4882B39A1D8E4AB200F5F76C /* AppDelegate.swift */; };
		4882B39D1D8E4AB200F5F76C /* ViewController.swift in Sources */ = {isa = PBXBuildFile; fileRef = 4882B39C1D8E4AB200F5F76C /* ViewController.swift */; };
		4882B3A01D8E4AB200F5F76C /* Main.storyboard in Resources */ = {isa = PBXBuildFile; fileRef = 4882B39E1D8E4AB200F5F76C /* Main.storyboard */; };
		4882B3A31D8E4AB200F5F76C /* dream_lister.xcdatamodeld in Sources */ = {isa = PBXBuildFile; fileRef = 4882B3A11D8E4AB200F5F76C /* dream_lister.xcdatamodeld */; };
		4882B3A51D8E4AB200F5F76C /* Assets.xcassets in Resources */ = {isa = PBXBuildFile; fileRef = 4882B3A41D8E4AB200F5F76C /* Assets.xcassets */; };
		4882B3A81D8E4AB200F5F76C /* LaunchScreen.storyboard in Resources */ = {isa = PBXBuildFile; fileRef = 4882B3A61D8E4AB200F5F76C /* LaunchScreen.storyboard */; };
/* End PBXBuildFile section */

/* Begin PBXFileReference section */
		4882B3971D8E4AB200F5F76C /* dream-lister.app */ = {isa = PBXFileReference; explicitFileType = wrapper.application; includeInIndex = 0; path = "dream-lister.app"; sourceTree = BUILT_PRODUCTS_DIR; };
		4882B39A1D8E4AB200F5F76C /* AppDelegate.swift */ = {isa = PBXFileReference; lastKnownFileType = sourcecode.swift; path = AppDelegate.swift; sourceTree = "<group>"; };
		4882B39C1D8E4AB200F5F76C /* ViewController.swift */ = {isa = PBXFileReference; lastKnownFileType = sourcecode.swift; path = ViewController.swift; sourceTree = "<group>"; };
		4882B39F1D8E4AB200F5F76C /* Base */ = {isa = PBXFileReference; lastKnownFileType = file.storyboard; name = Base; path = Base.lproj/Main.storyboard; sourceTree = "<group>"; };
		4882B3A21D8E4AB200F5F76C /* dream_lister.xcdatamodel */ = {isa = PBXFileReference; lastKnownFileType = wrapper.xcdatamodel; path = dream_lister.xcdatamodel; sourceTree = "<group>"; };
		4882B3A41D8E4AB200F5F76C /* Assets.xcassets */ = {isa = PBXFileReference; lastKnownFileType = folder.assetcatalog; path = Assets.xcassets; sourceTree = "<group>"; };
		4882B3A71D8E4AB200F5F76C /* Base */ = {isa = PBXFileReference; lastKnownFileType = file.storyboard; name = Base; path = Base.lproj/LaunchScreen.storyboard; sourceTree = "<group>"; };
		4882B3A91D8E4AB200F5F76C /* Info.plist */ = {isa = PBXFileReference; lastKnownFileType = text.plist.xml; path = Info.plist; sourceTree = "<group>"; };
/* End PBXFileReference section */

/* Begin PBXFrameworksBuildPhase section */
		4882B3941D8E4AB200F5F76C /* Frameworks */ = {
			isa = PBXFrameworksBuildPhase;
			buildActionMask = 2147483647;
			files = (
			);
			runOnlyForDeploymentPostprocessing = 0;
		};
/* End PBXFrameworksBuildPhase section */

/* Begin PBXGroup section */
		4882B38E1D8E4AB200F5F76C = {
			isa = PBXGroup;
			children = (
				4882B3991D8E4AB200F5F76C /* dream-lister */,
				4882B3981D8E4AB200F5F76C /* Products */,
			);
			sourceTree = "<group>";
		};
		4882B3981D8E4AB200F5F76C /* Products */ = {
			isa = PBXGroup;
			children = (
				4882B3971D8E4AB200F5F76C /* dream-lister.app */,
			);
			name = Products;
			sourceTree = "<group>";
		};
		4882B3991D8E4AB200F5F76C /* dream-lister */ = {
			isa = PBXGroup;
			children = (
				4882B39A1D8E4AB200F5F76C /* AppDelegate.swift */,
				4882B39C1D8E4AB200F5F76C /* ViewController.swift */,
				4882B39E1D8E4AB200F5F76C /* Main.storyboard */,
				4882B3A41D8E4AB200F5F76C /* Assets.xcassets */,
				4882B3A61D8E4AB200F5F76C /* LaunchScreen.storyboard */,
				4882B3A91D8E4AB200F5F76C /* Info.plist */,
				4882B3A11D8E4AB200F5F76C /* dream_lister.xcdatamodeld */,
			);
			path = "dream-lister";
			sourceTree = "<group>";
		};
/* End PBXGroup section */

/* Begin PBXNativeTarget section */
		4882B3961D8E4AB200F5F76C /* dream-lister */ = {
			isa = PBXNativeTarget;
			buildConfigurationList = 4882B3AC1D8E4AB200F5F76C /* Build configuration list for PBXNativeTarget "dream-lister" */;
			buildPhases = (
				4882B3931D8E4AB200F5F76C /* Sources */,
				4882B3941D8E4AB200F5F76C /* Frameworks */,
				4882B3951D8E4AB200F5F76C /* Resources */,
			);
			buildRules = (
			);
			dependencies = (
			);
			name = "dream-lister";
			productName = "dream-lister";
			productReference = 4882B3971D8E4AB200F5F76C /* dream-lister.app */;
			productType = "com.apple.product-type.application";
		};
/* End PBXNativeTarget section */

/* Begin PBXProject section */
		4882B38F1D8E4AB200F5F76C /* Project object */ = {
			isa = PBXProject;
			attributes = {
				LastSwiftUpdateCheck = 0800;
				LastUpgradeCheck = 0800;
				ORGANIZATIONNAME = "Matt Byers";
				TargetAttributes = {
					4882B3961D8E4AB200F5F76C = {
						CreatedOnToolsVersion = 8.0;
						ProvisioningStyle = Automatic;
					};
				};
			};
			buildConfigurationList = 4882B3921D8E4AB200F5F76C /* Build configuration list for PBXProject "dream-lister" */;
			compatibilityVersion = "Xcode 3.2";
			developmentRegion = English;
			hasScannedForEncodings = 0;
			knownRegions = (
				en,
				Base,
			);
			mainGroup = 4882B38E1D8E4AB200F5F76C;
			productRefGroup = 4882B3981D8E4AB200F5F76C /* Products */;
			projectDirPath = "";
			projectRoot = "";
			targets = (
				4882B3961D8E4AB200F5F76C /* dream-lister */,
			);
		};
/* End PBXProject section */

/* Begin PBXResourcesBuildPhase section */
		4882B3951D8E4AB200F5F76C /* Resources */ = {
			isa = PBXResourcesBuildPhase;
			buildActionMask = 2147483647;
			files = (
				4882B3A81D8E4AB200F5F76C /* LaunchScreen.storyboard in Resources */,
				4882B3A51D8E4AB200F5F76C /* Assets.xcassets in Resources */,
				4882B3A01D8E4AB200F5F76C /* Main.storyboard in Resources */,
			);
			runOnlyForDeploymentPostprocessing = 0;
		};
/* End PBXResourcesBuildPhase section */

/* Begin PBXSourcesBuildPhase section */
		4882B3931D8E4AB200F5F76C /* Sources */ = {
			isa = PBXSourcesBuildPhase;
			buildActionMask = 2147483647;
			files = (
				4882B39D1D8E4AB200F5F76C /* ViewController.swift in Sources */,
				4882B3A31D8E4AB200F5F76C /* dream_lister.xcdatamodeld in Sources */,
				4882B39B1D8E4AB200F5F76C /* AppDelegate.swift in Sources */,
			);
			runOnlyForDeploymentPostprocessing = 0;
		};
/* End PBXSourcesBuildPhase section */

/* Begin PBXVariantGroup section */
		4882B39E1D8E4AB200F5F76C /* Main.storyboard */ = {
			isa = PBXVariantGroup;
			children = (
				4882B39F1D8E4AB200F5F76C /* Base */,
			);
			name = Main.storyboard;
			sourceTree = "<group>";
		};
		4882B3A61D8E4AB200F5F76C /* LaunchScreen.storyboard */ = {
			isa = PBXVariantGroup;
			children = (
				4882B3A71D8E4AB200F5F76C /* Base */,
			);
			name = LaunchScreen.storyboard;
			sourceTree = "<group>";
		};
/* End PBXVariantGroup section */

/* Begin XCBuildConfiguration section */
		4882B3AA1D8E4AB200F5F76C /* Debug */ = {
			isa = XCBuildConfiguration;
			buildSettings = {
				ALWAYS_SEARCH_USER_PATHS = NO;
				CLANG_ANALYZER_NONNULL = YES;
				CLANG_CXX_LANGUAGE_STANDARD = "gnu++0x";
				CLANG_CXX_LIBRARY = "libc++";
				CLANG_ENABLE_MODULES = YES;
				CLANG_ENABLE_OBJC_ARC = YES;
				CLANG_WARN_BOOL_CONVERSION = YES;
				CLANG_WARN_CONSTANT_CONVERSION = YES;
				CLANG_WARN_DIRECT_OBJC_ISA_USAGE = YES_ERROR;
				CLANG_WARN_DOCUMENTATION_COMMENTS = YES;
				CLANG_WARN_EMPTY_BODY = YES;
				CLANG_WARN_ENUM_CONVERSION = YES;
				CLANG_WARN_INFINITE_RECURSION = YES;
				CLANG_WARN_INT_CONVERSION = YES;
				CLANG_WARN_OBJC_ROOT_CLASS = YES_ERROR;
				CLANG_WARN_SUSPICIOUS_MOVES = YES;
				CLANG_WARN_UNREACHABLE_CODE = YES;
				CLANG_WARN__DUPLICATE_METHOD_MATCH = YES;
				"CODE_SIGN_IDENTITY[sdk=iphoneos*]" = "iPhone Developer";
				COPY_PHASE_STRIP = NO;
				DEBUG_INFORMATION_FORMAT = dwarf;
				ENABLE_STRICT_OBJC_MSGSEND = YES;
				ENABLE_TESTABILITY = YES;
				GCC_C_LANGUAGE_STANDARD = gnu99;
				GCC_DYNAMIC_NO_PIC = NO;
				GCC_NO_COMMON_BLOCKS = YES;
				GCC_OPTIMIZATION_LEVEL = 0;
				GCC_PREPROCESSOR_DEFINITIONS = (
					"DEBUG=1",
					"$(inherited)",
				);
				GCC_WARN_64_TO_32_BIT_CONVERSION = YES;
				GCC_WARN_ABOUT_RETURN_TYPE = YES_ERROR;
				GCC_WARN_UNDECLARED_SELECTOR = YES;
				GCC_WARN_UNINITIALIZED_AUTOS = YES_AGGRESSIVE;
				GCC_WARN_UNUSED_FUNCTION = YES;
				GCC_WARN_UNUSED_VARIABLE = YES;
				IPHONEOS_DEPLOYMENT_TARGET = 10.0;
				MTL_ENABLE_DEBUG_INFO = YES;
				ONLY_ACTIVE_ARCH = YES;
				SDKROOT = iphoneos;
				SWIFT_ACTIVE_COMPILATION_CONDITIONS = DEBUG;
				SWIFT_OPTIMIZATION_LEVEL = "-Onone";
				TARGETED_DEVICE_FAMILY = "1,2";
			};
			name = Debug;
		};
		4882B3AB1D8E4AB200F5F76C /* Release */ = {
			isa = XCBuildConfiguration;
			buildSettings = {
				ALWAYS_SEARCH_USER_PATHS = NO;
				CLANG_ANALYZER_NONNULL = YES;
				CLANG_CXX_LANGUAGE_STANDARD = "gnu++0x";
				CLANG_CXX_LIBRARY = "libc++";
				CLANG_ENABLE_MODULES = YES;
				CLANG_ENABLE_OBJC_ARC = YES;
				CLANG_WARN_BOOL_CONVERSION = YES;
				CLANG_WARN_CONSTANT_CONVERSION = YES;
				CLANG_WARN_DIRECT_OBJC_ISA_USAGE = YES_ERROR;
				CLANG_WARN_DOCUMENTATION_COMMENTS = YES;
				CLANG_WARN_EMPTY_BODY = YES;
				CLANG_WARN_ENUM_CONVERSION = YES;
				CLANG_WARN_INFINITE_RECURSION = YES;
				CLANG_WARN_INT_CONVERSION = YES;
				CLANG_WARN_OBJC_ROOT_CLASS = YES_ERROR;
				CLANG_WARN_SUSPICIOUS_MOVES = YES;
				CLANG_WARN_UNREACHABLE_CODE = YES;
				CLANG_WARN__DUPLICATE_METHOD_MATCH = YES;
				"CODE_SIGN_IDENTITY[sdk=iphoneos*]" = "iPhone Developer";
				COPY_PHASE_STRIP = NO;
				DEBUG_INFORMATION_FORMAT = "dwarf-with-dsym";
				ENABLE_NS_ASSERTIONS = NO;
				ENABLE_STRICT_OBJC_MSGSEND = YES;
				GCC_C_LANGUAGE_STANDARD = gnu99;
				GCC_NO_COMMON_BLOCKS = YES;
				GCC_WARN_64_TO_32_BIT_CONVERSION = YES;
				GCC_WARN_ABOUT_RETURN_TYPE = YES_ERROR;
				GCC_WARN_UNDECLARED_SELECTOR = YES;
				GCC_WARN_UNINITIALIZED_AUTOS = YES_AGGRESSIVE;
				GCC_WARN_UNUSED_FUNCTION = YES;
				GCC_WARN_UNUSED_VARIABLE = YES;
				IPHONEOS_DEPLOYMENT_TARGET = 10.0;
				MTL_ENABLE_DEBUG_INFO = NO;
				SDKROOT = iphoneos;
				SWIFT_OPTIMIZATION_LEVEL = "-Owholemodule";
				TARGETED_DEVICE_FAMILY = "1,2";
				VALIDATE_PRODUCT = YES;
			};
			name = Release;
		};
		4882B3AD1D8E4AB200F5F76C /* Debug */ = {
			isa = XCBuildConfiguration;
			buildSettings = {
				ASSETCATALOG_COMPILER_APPICON_NAME = AppIcon;
				INFOPLIST_FILE = "dream-lister/Info.plist";
				LD_RUNPATH_SEARCH_PATHS = "$(inherited) @executable_path/Frameworks";
				PRODUCT_BUNDLE_IDENTIFIER = "com.byersmatt.dream-lister";
				PRODUCT_NAME = "$(TARGET_NAME)";
				SWIFT_VERSION = 3.0;
			};
			name = Debug;
		};
		4882B3AE1D8E4AB200F5F76C /* Release */ = {
			isa = XCBuildConfiguration;
			buildSettings = {
				ASSETCATALOG_COMPILER_APPICON_NAME = AppIcon;
				INFOPLIST_FILE = "dream-lister/Info.plist";
				LD_RUNPATH_SEARCH_PATHS = "$(inherited) @executable_path/Frameworks";
				PRODUCT_BUNDLE_IDENTIFIER = "com.byersmatt.dream-lister";
				PRODUCT_NAME = "$(TARGET_NAME)";
				SWIFT_VERSION = 3.0;
			};
			name = Release;
		};
/* End XCBuildConfiguration section */

/* Begin XCConfigurationList section */
		4882B3921D8E4AB200F5F76C /* Build configuration list for PBXProject "dream-lister" */ = {
			isa = XCConfigurationList;
			buildConfigurations = (
				4882B3AA1D8E4AB200F5F76C /* Debug */,
				4882B3AB1D8E4AB200F5F76C /* Release */,
			);
			defaultConfigurationIsVisible = 0;
			defaultConfigurationName = Release;
		};
		4882B3AC1D8E4AB200F5F76C /* Build configuration list for PBXNativeTarget "dream-lister" */ = {
			isa = XCConfigurationList;
			buildConfigurations = (
				4882B3AD1D8E4AB200F5F76C /* Debug */,
				4882B3AE1D8E4AB200F5F76C /* Release */,
			);
			defaultConfigurationIsVisible = 0;
		};
/* End XCConfigurationList section */

/* Begin XCVersionGroup section */
		4882B3A11D8E4AB200F5F76C /* dream_lister.xcdatamodeld */ = {
			isa = XCVersionGroup;
			children = (
				4882B3A21D8E4AB200F5F76C /* dream_lister.xcdatamodel */,
			);
			currentVersion = 4882B3A21D8E4AB200F5F76C /* dream_lister.xcdatamodel */;
			path = dream_lister.xcdatamodeld;
			sourceTree = "<group>";
			versionGroupType = wrapper.xcdatamodel;
		};
/* End XCVersionGroup section */
	};
	rootObject = 4882B38F1D8E4AB200F5F76C /* Project object */;
}
